// !$*UTF8*$!
{
	archiveVersion = 1;
	classes = {
	};
	objectVersion = 55;
	objects = {

/* Begin PBXBuildFile section */
		E8BAF42D282AC2EC008054F4 /* NKU_FinalApp.swift in Sources */ = {isa = PBXBuildFile; fileRef = E8BAF41D282AC2EA008054F4 /* NKU_FinalApp.swift */; };
		E8BAF42E282AC2EC008054F4 /* NKU_FinalApp.swift in Sources */ = {isa = PBXBuildFile; fileRef = E8BAF41D282AC2EA008054F4 /* NKU_FinalApp.swift */; };
		E8BAF431282AC2EC008054F4 /* Assets.xcassets in Resources */ = {isa = PBXBuildFile; fileRef = E8BAF41F282AC2EC008054F4 /* Assets.xcassets */; };
		E8BAF432282AC2EC008054F4 /* Assets.xcassets in Resources */ = {isa = PBXBuildFile; fileRef = E8BAF41F282AC2EC008054F4 /* Assets.xcassets */; };
		E8BAF446282AC385008054F4 /* CharacterList.swift in Sources */ = {isa = PBXBuildFile; fileRef = E8BAF443282AC385008054F4 /* CharacterList.swift */; };
		E8BAF447282AC385008054F4 /* CharacterList.swift in Sources */ = {isa = PBXBuildFile; fileRef = E8BAF443282AC385008054F4 /* CharacterList.swift */; };
		E8BAF448282AC385008054F4 /* CharacterRow.swift in Sources */ = {isa = PBXBuildFile; fileRef = E8BAF444282AC385008054F4 /* CharacterRow.swift */; };
		E8BAF449282AC385008054F4 /* CharacterRow.swift in Sources */ = {isa = PBXBuildFile; fileRef = E8BAF444282AC385008054F4 /* CharacterRow.swift */; };
		E8BAF44A282AC385008054F4 /* Character.swift in Sources */ = {isa = PBXBuildFile; fileRef = E8BAF445282AC385008054F4 /* Character.swift */; };
		E8BAF44B282AC385008054F4 /* Character.swift in Sources */ = {isa = PBXBuildFile; fileRef = E8BAF445282AC385008054F4 /* Character.swift */; };
		E8BAF44F282AC3BE008054F4 /* JSONParameterEncoder.swift in Sources */ = {isa = PBXBuildFile; fileRef = E8BAF44C282AC3BE008054F4 /* JSONParameterEncoder.swift */; };
		E8BAF450282AC3BE008054F4 /* JSONParameterEncoder.swift in Sources */ = {isa = PBXBuildFile; fileRef = E8BAF44C282AC3BE008054F4 /* JSONParameterEncoder.swift */; };
		E8BAF451282AC3BE008054F4 /* URLParameterEncoder.swift in Sources */ = {isa = PBXBuildFile; fileRef = E8BAF44D282AC3BE008054F4 /* URLParameterEncoder.swift */; };
		E8BAF452282AC3BE008054F4 /* URLParameterEncoder.swift in Sources */ = {isa = PBXBuildFile; fileRef = E8BAF44D282AC3BE008054F4 /* URLParameterEncoder.swift */; };
		E8BAF453282AC3BE008054F4 /* ParameterEncoding.swift in Sources */ = {isa = PBXBuildFile; fileRef = E8BAF44E282AC3BE008054F4 /* ParameterEncoding.swift */; };
		E8BAF454282AC3BE008054F4 /* ParameterEncoding.swift in Sources */ = {isa = PBXBuildFile; fileRef = E8BAF44E282AC3BE008054F4 /* ParameterEncoding.swift */; };
		E8BAF456282AC3CA008054F4 /* MarvelEndPoint.swift in Sources */ = {isa = PBXBuildFile; fileRef = E8BAF455282AC3CA008054F4 /* MarvelEndPoint.swift */; };
		E8BAF457282AC3CA008054F4 /* MarvelEndPoint.swift in Sources */ = {isa = PBXBuildFile; fileRef = E8BAF455282AC3CA008054F4 /* MarvelEndPoint.swift */; };
		E8BAF459282AC3D3008054F4 /* NetworkManager.swift in Sources */ = {isa = PBXBuildFile; fileRef = E8BAF458282AC3D3008054F4 /* NetworkManager.swift */; };
		E8BAF45A282AC3D3008054F4 /* NetworkManager.swift in Sources */ = {isa = PBXBuildFile; fileRef = E8BAF458282AC3D3008054F4 /* NetworkManager.swift */; };
		E8BAF460282AC3DE008054F4 /* Router.swift in Sources */ = {isa = PBXBuildFile; fileRef = E8BAF45B282AC3DE008054F4 /* Router.swift */; };
		E8BAF461282AC3DE008054F4 /* Router.swift in Sources */ = {isa = PBXBuildFile; fileRef = E8BAF45B282AC3DE008054F4 /* Router.swift */; };
		E8BAF462282AC3DE008054F4 /* HTTPTask.swift in Sources */ = {isa = PBXBuildFile; fileRef = E8BAF45C282AC3DE008054F4 /* HTTPTask.swift */; };
		E8BAF463282AC3DE008054F4 /* HTTPTask.swift in Sources */ = {isa = PBXBuildFile; fileRef = E8BAF45C282AC3DE008054F4 /* HTTPTask.swift */; };
		E8BAF464282AC3DE008054F4 /* HTTPMethod.swift in Sources */ = {isa = PBXBuildFile; fileRef = E8BAF45D282AC3DE008054F4 /* HTTPMethod.swift */; };
		E8BAF465282AC3DE008054F4 /* HTTPMethod.swift in Sources */ = {isa = PBXBuildFile; fileRef = E8BAF45D282AC3DE008054F4 /* HTTPMethod.swift */; };
		E8BAF466282AC3DE008054F4 /* EndPointType.swift in Sources */ = {isa = PBXBuildFile; fileRef = E8BAF45E282AC3DE008054F4 /* EndPointType.swift */; };
		E8BAF467282AC3DE008054F4 /* EndPointType.swift in Sources */ = {isa = PBXBuildFile; fileRef = E8BAF45E282AC3DE008054F4 /* EndPointType.swift */; };
		E8BAF468282AC3DE008054F4 /* NetworkLogger.swift in Sources */ = {isa = PBXBuildFile; fileRef = E8BAF45F282AC3DE008054F4 /* NetworkLogger.swift */; };
		E8BAF469282AC3DE008054F4 /* NetworkLogger.swift in Sources */ = {isa = PBXBuildFile; fileRef = E8BAF45F282AC3DE008054F4 /* NetworkLogger.swift */; };
		E8BAF46C282AC43E008054F4 /* Kingfisher in Frameworks */ = {isa = PBXBuildFile; productRef = E8BAF46B282AC43E008054F4 /* Kingfisher */; };
/* End PBXBuildFile section */

/* Begin PBXFileReference section */
		E8BAF41D282AC2EA008054F4 /* NKU_FinalApp.swift */ = {isa = PBXFileReference; lastKnownFileType = sourcecode.swift; path = NKU_FinalApp.swift; sourceTree = "<group>"; };
		E8BAF41F282AC2EC008054F4 /* Assets.xcassets */ = {isa = PBXFileReference; lastKnownFileType = folder.assetcatalog; path = Assets.xcassets; sourceTree = "<group>"; };
		E8BAF424282AC2EC008054F4 /* NKU Final.app */ = {isa = PBXFileReference; explicitFileType = wrapper.application; includeInIndex = 0; path = "NKU Final.app"; sourceTree = BUILT_PRODUCTS_DIR; };
		E8BAF42A282AC2EC008054F4 /* NKU Final.app */ = {isa = PBXFileReference; explicitFileType = wrapper.application; includeInIndex = 0; path = "NKU Final.app"; sourceTree = BUILT_PRODUCTS_DIR; };
		E8BAF42C282AC2EC008054F4 /* macOS.entitlements */ = {isa = PBXFileReference; lastKnownFileType = text.plist.entitlements; path = macOS.entitlements; sourceTree = "<group>"; };
		E8BAF443282AC385008054F4 /* CharacterList.swift */ = {isa = PBXFileReference; fileEncoding = 4; lastKnownFileType = sourcecode.swift; path = CharacterList.swift; sourceTree = "<group>"; };
		E8BAF444282AC385008054F4 /* CharacterRow.swift */ = {isa = PBXFileReference; fileEncoding = 4; lastKnownFileType = sourcecode.swift; path = CharacterRow.swift; sourceTree = "<group>"; };
		E8BAF445282AC385008054F4 /* Character.swift */ = {isa = PBXFileReference; fileEncoding = 4; lastKnownFileType = sourcecode.swift; path = Character.swift; sourceTree = "<group>"; };
		E8BAF44C282AC3BE008054F4 /* JSONParameterEncoder.swift */ = {isa = PBXFileReference; fileEncoding = 4; lastKnownFileType = sourcecode.swift; path = JSONParameterEncoder.swift; sourceTree = "<group>"; };
		E8BAF44D282AC3BE008054F4 /* URLParameterEncoder.swift */ = {isa = PBXFileReference; fileEncoding = 4; lastKnownFileType = sourcecode.swift; path = URLParameterEncoder.swift; sourceTree = "<group>"; };
		E8BAF44E282AC3BE008054F4 /* ParameterEncoding.swift */ = {isa = PBXFileReference; fileEncoding = 4; lastKnownFileType = sourcecode.swift; path = ParameterEncoding.swift; sourceTree = "<group>"; };
		E8BAF455282AC3CA008054F4 /* MarvelEndPoint.swift */ = {isa = PBXFileReference; fileEncoding = 4; lastKnownFileType = sourcecode.swift; path = MarvelEndPoint.swift; sourceTree = "<group>"; };
		E8BAF458282AC3D3008054F4 /* NetworkManager.swift */ = {isa = PBXFileReference; fileEncoding = 4; lastKnownFileType = sourcecode.swift; path = NetworkManager.swift; sourceTree = "<group>"; };
		E8BAF45B282AC3DE008054F4 /* Router.swift */ = {isa = PBXFileReference; fileEncoding = 4; lastKnownFileType = sourcecode.swift; path = Router.swift; sourceTree = "<group>"; };
		E8BAF45C282AC3DE008054F4 /* HTTPTask.swift */ = {isa = PBXFileReference; fileEncoding = 4; lastKnownFileType = sourcecode.swift; path = HTTPTask.swift; sourceTree = "<group>"; };
		E8BAF45D282AC3DE008054F4 /* HTTPMethod.swift */ = {isa = PBXFileReference; fileEncoding = 4; lastKnownFileType = sourcecode.swift; path = HTTPMethod.swift; sourceTree = "<group>"; };
		E8BAF45E282AC3DE008054F4 /* EndPointType.swift */ = {isa = PBXFileReference; fileEncoding = 4; lastKnownFileType = sourcecode.swift; path = EndPointType.swift; sourceTree = "<group>"; };
		E8BAF45F282AC3DE008054F4 /* NetworkLogger.swift */ = {isa = PBXFileReference; fileEncoding = 4; lastKnownFileType = sourcecode.swift; path = NetworkLogger.swift; sourceTree = "<group>"; };
		E8BAF470282AC5A3008054F4 /* NKU-Final--iOS--Info.plist */ = {isa = PBXFileReference; lastKnownFileType = text.plist; path = "NKU-Final--iOS--Info.plist"; sourceTree = "<group>"; };
/* End PBXFileReference section */

/* Begin PBXFrameworksBuildPhase section */
		E8BAF421282AC2EC008054F4 /* Frameworks */ = {
			isa = PBXFrameworksBuildPhase;
			buildActionMask = 2147483647;
			files = (
				E8BAF46C282AC43E008054F4 /* Kingfisher in Frameworks */,
			);
			runOnlyForDeploymentPostprocessing = 0;
		};
		E8BAF427282AC2EC008054F4 /* Frameworks */ = {
			isa = PBXFrameworksBuildPhase;
			buildActionMask = 2147483647;
			files = (
			);
			runOnlyForDeploymentPostprocessing = 0;
		};
/* End PBXFrameworksBuildPhase section */

/* Begin PBXGroup section */
		E8BAF417282AC2E9008054F4 = {
			isa = PBXGroup;
			children = (
				E8BAF470282AC5A3008054F4 /* NKU-Final--iOS--Info.plist */,
				E8BAF43C282AC30B008054F4 /* Characters */,
				E8BAF43D282AC314008054F4 /* Networking */,
				E8BAF41C282AC2EA008054F4 /* Shared */,
				E8BAF42B282AC2EC008054F4 /* macOS */,
				E8BAF425282AC2EC008054F4 /* Products */,
				E8BAF46D282AC49A008054F4 /* Frameworks */,
			);
			sourceTree = "<group>";
		};
		E8BAF41C282AC2EA008054F4 /* Shared */ = {
			isa = PBXGroup;
			children = (
				E8BAF41D282AC2EA008054F4 /* NKU_FinalApp.swift */,
				E8BAF41F282AC2EC008054F4 /* Assets.xcassets */,
			);
			path = Shared;
			sourceTree = "<group>";
		};
		E8BAF425282AC2EC008054F4 /* Products */ = {
			isa = PBXGroup;
			children = (
				E8BAF424282AC2EC008054F4 /* NKU Final.app */,
				E8BAF42A282AC2EC008054F4 /* NKU Final.app */,
			);
			name = Products;
			sourceTree = "<group>";
		};
		E8BAF42B282AC2EC008054F4 /* macOS */ = {
			isa = PBXGroup;
			children = (
				E8BAF42C282AC2EC008054F4 /* macOS.entitlements */,
			);
			path = macOS;
			sourceTree = "<group>";
		};
		E8BAF43C282AC30B008054F4 /* Characters */ = {
			isa = PBXGroup;
			children = (
				E8BAF445282AC385008054F4 /* Character.swift */,
				E8BAF443282AC385008054F4 /* CharacterList.swift */,
				E8BAF444282AC385008054F4 /* CharacterRow.swift */,
			);
			path = Characters;
			sourceTree = "<group>";
		};
		E8BAF43D282AC314008054F4 /* Networking */ = {
			isa = PBXGroup;
			children = (
				E8BAF440282AC33B008054F4 /* Encoding */,
				E8BAF43F282AC334008054F4 /* EndPoint */,
				E8BAF441282AC342008054F4 /* Manager */,
				E8BAF442282AC348008054F4 /* Service */,
			);
			path = Networking;
			sourceTree = "<group>";
		};
		E8BAF43F282AC334008054F4 /* EndPoint */ = {
			isa = PBXGroup;
			children = (
				E8BAF455282AC3CA008054F4 /* MarvelEndPoint.swift */,
			);
			path = EndPoint;
			sourceTree = "<group>";
		};
		E8BAF440282AC33B008054F4 /* Encoding */ = {
			isa = PBXGroup;
			children = (
				E8BAF44C282AC3BE008054F4 /* JSONParameterEncoder.swift */,
				E8BAF44E282AC3BE008054F4 /* ParameterEncoding.swift */,
				E8BAF44D282AC3BE008054F4 /* URLParameterEncoder.swift */,
			);
			path = Encoding;
			sourceTree = "<group>";
		};
		E8BAF441282AC342008054F4 /* Manager */ = {
			isa = PBXGroup;
			children = (
				E8BAF458282AC3D3008054F4 /* NetworkManager.swift */,
			);
			path = Manager;
			sourceTree = "<group>";
		};
		E8BAF442282AC348008054F4 /* Service */ = {
			isa = PBXGroup;
			children = (
				E8BAF45E282AC3DE008054F4 /* EndPointType.swift */,
				E8BAF45D282AC3DE008054F4 /* HTTPMethod.swift */,
				E8BAF45C282AC3DE008054F4 /* HTTPTask.swift */,
				E8BAF45F282AC3DE008054F4 /* NetworkLogger.swift */,
				E8BAF45B282AC3DE008054F4 /* Router.swift */,
			);
			path = Service;
			sourceTree = "<group>";
		};
		E8BAF46D282AC49A008054F4 /* Frameworks */ = {
			isa = PBXGroup;
			children = (
			);
			name = Frameworks;
			sourceTree = "<group>";
		};
/* End PBXGroup section */

/* Begin PBXNativeTarget section */
		E8BAF423282AC2EC008054F4 /* NKU Final (iOS) */ = {
			isa = PBXNativeTarget;
			buildConfigurationList = E8BAF435282AC2EC008054F4 /* Build configuration list for PBXNativeTarget "NKU Final (iOS)" */;
			buildPhases = (
				E8BAF420282AC2EC008054F4 /* Sources */,
				E8BAF421282AC2EC008054F4 /* Frameworks */,
				E8BAF422282AC2EC008054F4 /* Resources */,
			);
			buildRules = (
			);
			dependencies = (
			);
			name = "NKU Final (iOS)";
			packageProductDependencies = (
				E8BAF46B282AC43E008054F4 /* Kingfisher */,
			);
			productName = "NKU Final (iOS)";
			productReference = E8BAF424282AC2EC008054F4 /* NKU Final.app */;
			productType = "com.apple.product-type.application";
		};
		E8BAF429282AC2EC008054F4 /* NKU Final (macOS) */ = {
			isa = PBXNativeTarget;
			buildConfigurationList = E8BAF438282AC2EC008054F4 /* Build configuration list for PBXNativeTarget "NKU Final (macOS)" */;
			buildPhases = (
				E8BAF426282AC2EC008054F4 /* Sources */,
				E8BAF427282AC2EC008054F4 /* Frameworks */,
				E8BAF428282AC2EC008054F4 /* Resources */,
			);
			buildRules = (
			);
			dependencies = (
			);
			name = "NKU Final (macOS)";
			packageProductDependencies = (
			);
			productName = "NKU Final (macOS)";
			productReference = E8BAF42A282AC2EC008054F4 /* NKU Final.app */;
			productType = "com.apple.product-type.application";
		};
/* End PBXNativeTarget section */

/* Begin PBXProject section */
		E8BAF418282AC2E9008054F4 /* Project object */ = {
			isa = PBXProject;
			attributes = {
				BuildIndependentTargetsInParallel = 1;
				LastSwiftUpdateCheck = 1320;
				LastUpgradeCheck = 1320;
				TargetAttributes = {
					E8BAF423282AC2EC008054F4 = {
						CreatedOnToolsVersion = 13.2.1;
					};
					E8BAF429282AC2EC008054F4 = {
						CreatedOnToolsVersion = 13.2.1;
					};
				};
			};
			buildConfigurationList = E8BAF41B282AC2E9008054F4 /* Build configuration list for PBXProject "NKU Final" */;
			compatibilityVersion = "Xcode 13.0";
			developmentRegion = en;
			hasScannedForEncodings = 0;
			knownRegions = (
				en,
				Base,
			);
			mainGroup = E8BAF417282AC2E9008054F4;
			packageReferences = (
				E8BAF46A282AC43E008054F4 /* XCRemoteSwiftPackageReference "Kingfisher" */,
			);
			productRefGroup = E8BAF425282AC2EC008054F4 /* Products */;
			projectDirPath = "";
			projectRoot = "";
			targets = (
				E8BAF423282AC2EC008054F4 /* NKU Final (iOS) */,
				E8BAF429282AC2EC008054F4 /* NKU Final (macOS) */,
			);
		};
/* End PBXProject section */

/* Begin PBXResourcesBuildPhase section */
		E8BAF422282AC2EC008054F4 /* Resources */ = {
			isa = PBXResourcesBuildPhase;
			buildActionMask = 2147483647;
			files = (
				E8BAF431282AC2EC008054F4 /* Assets.xcassets in Resources */,
			);
			runOnlyForDeploymentPostprocessing = 0;
		};
		E8BAF428282AC2EC008054F4 /* Resources */ = {
			isa = PBXResourcesBuildPhase;
			buildActionMask = 2147483647;
			files = (
				E8BAF432282AC2EC008054F4 /* Assets.xcassets in Resources */,
			);
			runOnlyForDeploymentPostprocessing = 0;
		};
/* End PBXResourcesBuildPhase section */

/* Begin PBXSourcesBuildPhase section */
		E8BAF420282AC2EC008054F4 /* Sources */ = {
			isa = PBXSourcesBuildPhase;
			buildActionMask = 2147483647;
			files = (
				E8BAF468282AC3DE008054F4 /* NetworkLogger.swift in Sources */,
				E8BAF462282AC3DE008054F4 /* HTTPTask.swift in Sources */,
				E8BAF460282AC3DE008054F4 /* Router.swift in Sources */,
				E8BAF446282AC385008054F4 /* CharacterList.swift in Sources */,
				E8BAF459282AC3D3008054F4 /* NetworkManager.swift in Sources */,
				E8BAF453282AC3BE008054F4 /* ParameterEncoding.swift in Sources */,
				E8BAF466282AC3DE008054F4 /* EndPointType.swift in Sources */,
				E8BAF44F282AC3BE008054F4 /* JSONParameterEncoder.swift in Sources */,
				E8BAF44A282AC385008054F4 /* Character.swift in Sources */,
				E8BAF451282AC3BE008054F4 /* URLParameterEncoder.swift in Sources */,
				E8BAF456282AC3CA008054F4 /* MarvelEndPoint.swift in Sources */,
				E8BAF464282AC3DE008054F4 /* HTTPMethod.swift in Sources */,
				E8BAF448282AC385008054F4 /* CharacterRow.swift in Sources */,
				E8BAF42D282AC2EC008054F4 /* NKU_FinalApp.swift in Sources */,
			);
			runOnlyForDeploymentPostprocessing = 0;
		};
		E8BAF426282AC2EC008054F4 /* Sources */ = {
			isa = PBXSourcesBuildPhase;
			buildActionMask = 2147483647;
			files = (
				E8BAF469282AC3DE008054F4 /* NetworkLogger.swift in Sources */,
				E8BAF463282AC3DE008054F4 /* HTTPTask.swift in Sources */,
				E8BAF461282AC3DE008054F4 /* Router.swift in Sources */,
				E8BAF447282AC385008054F4 /* CharacterList.swift in Sources */,
				E8BAF45A282AC3D3008054F4 /* NetworkManager.swift in Sources */,
				E8BAF454282AC3BE008054F4 /* ParameterEncoding.swift in Sources */,
				E8BAF467282AC3DE008054F4 /* EndPointType.swift in Sources */,
				E8BAF450282AC3BE008054F4 /* JSONParameterEncoder.swift in Sources */,
				E8BAF44B282AC385008054F4 /* Character.swift in Sources */,
				E8BAF452282AC3BE008054F4 /* URLParameterEncoder.swift in Sources */,
				E8BAF457282AC3CA008054F4 /* MarvelEndPoint.swift in Sources */,
				E8BAF465282AC3DE008054F4 /* HTTPMethod.swift in Sources */,
				E8BAF449282AC385008054F4 /* CharacterRow.swift in Sources */,
				E8BAF42E282AC2EC008054F4 /* NKU_FinalApp.swift in Sources */,
			);
			runOnlyForDeploymentPostprocessing = 0;
		};
/* End PBXSourcesBuildPhase section */

/* Begin XCBuildConfiguration section */
		E8BAF433282AC2EC008054F4 /* Debug */ = {
			isa = XCBuildConfiguration;
			buildSettings = {
				ALWAYS_SEARCH_USER_PATHS = NO;
				CLANG_ANALYZER_NONNULL = YES;
				CLANG_ANALYZER_NUMBER_OBJECT_CONVERSION = YES_AGGRESSIVE;
				CLANG_CXX_LANGUAGE_STANDARD = "gnu++17";
				CLANG_CXX_LIBRARY = "libc++";
				CLANG_ENABLE_MODULES = YES;
				CLANG_ENABLE_OBJC_ARC = YES;
				CLANG_ENABLE_OBJC_WEAK = YES;
				CLANG_WARN_BLOCK_CAPTURE_AUTORELEASING = YES;
				CLANG_WARN_BOOL_CONVERSION = YES;
				CLANG_WARN_COMMA = YES;
				CLANG_WARN_CONSTANT_CONVERSION = YES;
				CLANG_WARN_DEPRECATED_OBJC_IMPLEMENTATIONS = YES;
				CLANG_WARN_DIRECT_OBJC_ISA_USAGE = YES_ERROR;
				CLANG_WARN_DOCUMENTATION_COMMENTS = YES;
				CLANG_WARN_EMPTY_BODY = YES;
				CLANG_WARN_ENUM_CONVERSION = YES;
				CLANG_WARN_INFINITE_RECURSION = YES;
				CLANG_WARN_INT_CONVERSION = YES;
				CLANG_WARN_NON_LITERAL_NULL_CONVERSION = YES;
				CLANG_WARN_OBJC_IMPLICIT_RETAIN_SELF = YES;
				CLANG_WARN_OBJC_LITERAL_CONVERSION = YES;
				CLANG_WARN_OBJC_ROOT_CLASS = YES_ERROR;
				CLANG_WARN_QUOTED_INCLUDE_IN_FRAMEWORK_HEADER = YES;
				CLANG_WARN_RANGE_LOOP_ANALYSIS = YES;
				CLANG_WARN_STRICT_PROTOTYPES = YES;
				CLANG_WARN_SUSPICIOUS_MOVE = YES;
				CLANG_WARN_UNGUARDED_AVAILABILITY = YES_AGGRESSIVE;
				CLANG_WARN_UNREACHABLE_CODE = YES;
				CLANG_WARN__DUPLICATE_METHOD_MATCH = YES;
				COPY_PHASE_STRIP = NO;
				DEBUG_INFORMATION_FORMAT = dwarf;
				ENABLE_STRICT_OBJC_MSGSEND = YES;
				ENABLE_TESTABILITY = YES;
				GCC_C_LANGUAGE_STANDARD = gnu11;
				GCC_DYNAMIC_NO_PIC = NO;
				GCC_NO_COMMON_BLOCKS = YES;
				GCC_OPTIMIZATION_LEVEL = 0;
				GCC_PREPROCESSOR_DEFINITIONS = (
					"DEBUG=1",
					"$(inherited)",
				);
				GCC_WARN_64_TO_32_BIT_CONVERSION = YES;
				GCC_WARN_ABOUT_RETURN_TYPE = YES_ERROR;
				GCC_WARN_UNDECLARED_SELECTOR = YES;
				GCC_WARN_UNINITIALIZED_AUTOS = YES_AGGRESSIVE;
				GCC_WARN_UNUSED_FUNCTION = YES;
				GCC_WARN_UNUSED_VARIABLE = YES;
				MTL_ENABLE_DEBUG_INFO = INCLUDE_SOURCE;
				MTL_FAST_MATH = YES;
				ONLY_ACTIVE_ARCH = YES;
				SWIFT_ACTIVE_COMPILATION_CONDITIONS = DEBUG;
				SWIFT_OPTIMIZATION_LEVEL = "-Onone";
			};
			name = Debug;
		};
		E8BAF434282AC2EC008054F4 /* Release */ = {
			isa = XCBuildConfiguration;
			buildSettings = {
				ALWAYS_SEARCH_USER_PATHS = NO;
				CLANG_ANALYZER_NONNULL = YES;
				CLANG_ANALYZER_NUMBER_OBJECT_CONVERSION = YES_AGGRESSIVE;
				CLANG_CXX_LANGUAGE_STANDARD = "gnu++17";
				CLANG_CXX_LIBRARY = "libc++";
				CLANG_ENABLE_MODULES = YES;
				CLANG_ENABLE_OBJC_ARC = YES;
				CLANG_ENABLE_OBJC_WEAK = YES;
				CLANG_WARN_BLOCK_CAPTURE_AUTORELEASING = YES;
				CLANG_WARN_BOOL_CONVERSION = YES;
				CLANG_WARN_COMMA = YES;
				CLANG_WARN_CONSTANT_CONVERSION = YES;
				CLANG_WARN_DEPRECATED_OBJC_IMPLEMENTATIONS = YES;
				CLANG_WARN_DIRECT_OBJC_ISA_USAGE = YES_ERROR;
				CLANG_WARN_DOCUMENTATION_COMMENTS = YES;
				CLANG_WARN_EMPTY_BODY = YES;
				CLANG_WARN_ENUM_CONVERSION = YES;
				CLANG_WARN_INFINITE_RECURSION = YES;
				CLANG_WARN_INT_CONVERSION = YES;
				CLANG_WARN_NON_LITERAL_NULL_CONVERSION = YES;
				CLANG_WARN_OBJC_IMPLICIT_RETAIN_SELF = YES;
				CLANG_WARN_OBJC_LITERAL_CONVERSION = YES;
				CLANG_WARN_OBJC_ROOT_CLASS = YES_ERROR;
				CLANG_WARN_QUOTED_INCLUDE_IN_FRAMEWORK_HEADER = YES;
				CLANG_WARN_RANGE_LOOP_ANALYSIS = YES;
				CLANG_WARN_STRICT_PROTOTYPES = YES;
				CLANG_WARN_SUSPICIOUS_MOVE = YES;
				CLANG_WARN_UNGUARDED_AVAILABILITY = YES_AGGRESSIVE;
				CLANG_WARN_UNREACHABLE_CODE = YES;
				CLANG_WARN__DUPLICATE_METHOD_MATCH = YES;
				COPY_PHASE_STRIP = NO;
				DEBUG_INFORMATION_FORMAT = "dwarf-with-dsym";
				ENABLE_NS_ASSERTIONS = NO;
				ENABLE_STRICT_OBJC_MSGSEND = YES;
				GCC_C_LANGUAGE_STANDARD = gnu11;
				GCC_NO_COMMON_BLOCKS = YES;
				GCC_WARN_64_TO_32_BIT_CONVERSION = YES;
				GCC_WARN_ABOUT_RETURN_TYPE = YES_ERROR;
				GCC_WARN_UNDECLARED_SELECTOR = YES;
				GCC_WARN_UNINITIALIZED_AUTOS = YES_AGGRESSIVE;
				GCC_WARN_UNUSED_FUNCTION = YES;
				GCC_WARN_UNUSED_VARIABLE = YES;
				MTL_ENABLE_DEBUG_INFO = NO;
				MTL_FAST_MATH = YES;
				SWIFT_COMPILATION_MODE = wholemodule;
				SWIFT_OPTIMIZATION_LEVEL = "-O";
			};
			name = Release;
		};
		E8BAF436282AC2EC008054F4 /* Debug */ = {
			isa = XCBuildConfiguration;
			buildSettings = {
				ASSETCATALOG_COMPILER_APPICON_NAME = AppIcon;
				ASSETCATALOG_COMPILER_GLOBAL_ACCENT_COLOR_NAME = AccentColor;
				CODE_SIGN_STYLE = Automatic;
				CURRENT_PROJECT_VERSION = 1;
				ENABLE_PREVIEWS = YES;
				GENERATE_INFOPLIST_FILE = YES;
				INFOPLIST_FILE = "NKU-Final--iOS--Info.plist";
				INFOPLIST_KEY_UIApplicationSceneManifest_Generation = YES;
				INFOPLIST_KEY_UIApplicationSupportsIndirectInputEvents = YES;
				INFOPLIST_KEY_UILaunchScreen_Generation = YES;
				INFOPLIST_KEY_UISupportedInterfaceOrientations_iPad = "UIInterfaceOrientationPortrait UIInterfaceOrientationPortraitUpsideDown UIInterfaceOrientationLandscapeLeft UIInterfaceOrientationLandscapeRight";
				INFOPLIST_KEY_UISupportedInterfaceOrientations_iPhone = "UIInterfaceOrientationPortrait UIInterfaceOrientationLandscapeLeft UIInterfaceOrientationLandscapeRight";
				IPHONEOS_DEPLOYMENT_TARGET = 15.2;
				LD_RUNPATH_SEARCH_PATHS = (
					"$(inherited)",
					"@executable_path/Frameworks",
				);
				MARKETING_VERSION = 1.0;
				PRODUCT_BUNDLE_IDENTIFIER = "com.nku.adamlinkhart.NKU-Final";
				PRODUCT_NAME = "NKU Final";
				SDKROOT = iphoneos;
				SWIFT_EMIT_LOC_STRINGS = YES;
				SWIFT_VERSION = 5.0;
				TARGETED_DEVICE_FAMILY = "1,2";
			};
			name = Debug;
		};
		E8BAF437282AC2EC008054F4 /* Release */ = {
			isa = XCBuildConfiguration;
			buildSettings = {
				ASSETCATALOG_COMPILER_APPICON_NAME = AppIcon;
				ASSETCATALOG_COMPILER_GLOBAL_ACCENT_COLOR_NAME = AccentColor;
				CODE_SIGN_STYLE = Automatic;
				CURRENT_PROJECT_VERSION = 1;
				ENABLE_PREVIEWS = YES;
				GENERATE_INFOPLIST_FILE = YES;
				INFOPLIST_FILE = "NKU-Final--iOS--Info.plist";
				INFOPLIST_KEY_UIApplicationSceneManifest_Generation = YES;
				INFOPLIST_KEY_UIApplicationSupportsIndirectInputEvents = YES;
				INFOPLIST_KEY_UILaunchScreen_Generation = YES;
				INFOPLIST_KEY_UISupportedInterfaceOrientations_iPad = "UIInterfaceOrientationPortrait UIInterfaceOrientationPortraitUpsideDown UIInterfaceOrientationLandscapeLeft UIInterfaceOrientationLandscapeRight";
				INFOPLIST_KEY_UISupportedInterfaceOrientations_iPhone = "UIInterfaceOrientationPortrait UIInterfaceOrientationLandscapeLeft UIInterfaceOrientationLandscapeRight";
				IPHONEOS_DEPLOYMENT_TARGET = 15.2;
				LD_RUNPATH_SEARCH_PATHS = (
					"$(inherited)",
					"@executable_path/Frameworks",
				);
				MARKETING_VERSION = 1.0;
				PRODUCT_BUNDLE_IDENTIFIER = "com.nku.adamlinkhart.NKU-Final";
				PRODUCT_NAME = "NKU Final";
				SDKROOT = iphoneos;
				SWIFT_EMIT_LOC_STRINGS = YES;
				SWIFT_VERSION = 5.0;
				TARGETED_DEVICE_FAMILY = "1,2";
				VALIDATE_PRODUCT = YES;
			};
			name = Release;
		};
		E8BAF439282AC2EC008054F4 /* Debug */ = {
			isa = XCBuildConfiguration;
			buildSettings = {
				ASSETCATALOG_COMPILER_APPICON_NAME = AppIcon;
				ASSETCATALOG_COMPILER_GLOBAL_ACCENT_COLOR_NAME = AccentColor;
				CODE_SIGN_ENTITLEMENTS = macOS/macOS.entitlements;
				CODE_SIGN_STYLE = Automatic;
				COMBINE_HIDPI_IMAGES = YES;
				CURRENT_PROJECT_VERSION = 1;
				ENABLE_PREVIEWS = YES;
				GENERATE_INFOPLIST_FILE = YES;
				INFOPLIST_KEY_NSHumanReadableCopyright = "";
				LD_RUNPATH_SEARCH_PATHS = (
					"$(inherited)",
					"@executable_path/../Frameworks",
				);
				MACOSX_DEPLOYMENT_TARGET = 12.1;
				MARKETING_VERSION = 1.0;
				PRODUCT_BUNDLE_IDENTIFIER = "com.nku.adamlinkhart.NKU-Final";
				PRODUCT_NAME = "NKU Final";
				SDKROOT = macosx;
				SWIFT_EMIT_LOC_STRINGS = YES;
				SWIFT_VERSION = 5.0;
			};
			name = Debug;
		};
		E8BAF43A282AC2EC008054F4 /* Release */ = {
			isa = XCBuildConfiguration;
			buildSettings = {
				ASSETCATALOG_COMPILER_APPICON_NAME = AppIcon;
				ASSETCATALOG_COMPILER_GLOBAL_ACCENT_COLOR_NAME = AccentColor;
				CODE_SIGN_ENTITLEMENTS = macOS/macOS.entitlements;
				CODE_SIGN_STYLE = Automatic;
				COMBINE_HIDPI_IMAGES = YES;
				CURRENT_PROJECT_VERSION = 1;
				ENABLE_PREVIEWS = YES;
				GENERATE_INFOPLIST_FILE = YES;
				INFOPLIST_KEY_NSHumanReadableCopyright = "";
				LD_RUNPATH_SEARCH_PATHS = (
					"$(inherited)",
					"@executable_path/../Frameworks",
				);
				MACOSX_DEPLOYMENT_TARGET = 12.1;
				MARKETING_VERSION = 1.0;
				PRODUCT_BUNDLE_IDENTIFIER = "com.nku.adamlinkhart.NKU-Final";
				PRODUCT_NAME = "NKU Final";
				SDKROOT = macosx;
				SWIFT_EMIT_LOC_STRINGS = YES;
				SWIFT_VERSION = 5.0;
			};
			name = Release;
		};
/* End XCBuildConfiguration section */

/* Begin XCConfigurationList section */
		E8BAF41B282AC2E9008054F4 /* Build configuration list for PBXProject "NKU Final" */ = {
			isa = XCConfigurationList;
			buildConfigurations = (
				E8BAF433282AC2EC008054F4 /* Debug */,
				E8BAF434282AC2EC008054F4 /* Release */,
			);
			defaultConfigurationIsVisible = 0;
			defaultConfigurationName = Release;
		};
		E8BAF435282AC2EC008054F4 /* Build configuration list for PBXNativeTarget "NKU Final (iOS)" */ = {
			isa = XCConfigurationList;
			buildConfigurations = (
				E8BAF436282AC2EC008054F4 /* Debug */,
				E8BAF437282AC2EC008054F4 /* Release */,
			);
			defaultConfigurationIsVisible = 0;
			defaultConfigurationName = Release;
		};
		E8BAF438282AC2EC008054F4 /* Build configuration list for PBXNativeTarget "NKU Final (macOS)" */ = {
			isa = XCConfigurationList;
			buildConfigurations = (
				E8BAF439282AC2EC008054F4 /* Debug */,
				E8BAF43A282AC2EC008054F4 /* Release */,
			);
			defaultConfigurationIsVisible = 0;
			defaultConfigurationName = Release;
		};
/* End XCConfigurationList section */

/* Begin XCRemoteSwiftPackageReference section */
		E8BAF46A282AC43E008054F4 /* XCRemoteSwiftPackageReference "Kingfisher" */ = {
			isa = XCRemoteSwiftPackageReference;
			repositoryURL = "https://github.com/onevcat/Kingfisher.git";
			requirement = {
				kind = upToNextMajorVersion;
				minimumVersion = 7.0.0;
			};
		};
/* End XCRemoteSwiftPackageReference section */

/* Begin XCSwiftPackageProductDependency section */
		E8BAF46B282AC43E008054F4 /* Kingfisher */ = {
			isa = XCSwiftPackageProductDependency;
			package = E8BAF46A282AC43E008054F4 /* XCRemoteSwiftPackageReference "Kingfisher" */;
			productName = Kingfisher;
		};
/* End XCSwiftPackageProductDependency section */
	};
	rootObject = E8BAF418282AC2E9008054F4 /* Project object */;
}
